
Microsoft Visual Studio Solution File, Format Version 12.00
# Visual Studio Version 17
VisualStudioVersion = 17.11.35219.272
MinimumVisualStudioVersion = 10.0.40219.1
Project("{9A19103F-16F7-4668-BE54-9A1E7A4F7556}") = "Practico1", "Practico1\Practico1.csproj", "{B2F2D3FD-D3AD-46EB-9664-052E077DCAD9}"
EndProject
Project("{9A19103F-16F7-4668-BE54-9A1E7A4F7556}") = "practico3", "practico3\practico3.csproj", "{C0FF135E-7596-4E8E-B9E1-0710186A6393}"
EndProject
Global
	GlobalSection(SolutionConfigurationPlatforms) = preSolution
		Debug|Any CPU = Debug|Any CPU
		Release|Any CPU = Release|Any CPU
	EndGlobalSection
	GlobalSection(ProjectConfigurationPlatforms) = postSolution
		{B2F2D3FD-D3AD-46EB-9664-052E077DCAD9}.Debug|Any CPU.ActiveCfg = Debug|Any CPU
		{B2F2D3FD-D3AD-46EB-9664-052E077DCAD9}.Debug|Any CPU.Build.0 = Debug|Any CPU
		{B2F2D3FD-D3AD-46EB-9664-052E077DCAD9}.Release|Any CPU.ActiveCfg = Release|Any CPU
		{B2F2D3FD-D3AD-46EB-9664-052E077DCAD9}.Release|Any CPU.Build.0 = Release|Any CPU
		{C0FF135E-7596-4E8E-B9E1-0710186A6393}.Debug|Any CPU.ActiveCfg = Debug|Any CPU
		{C0FF135E-7596-4E8E-B9E1-0710186A6393}.Debug|Any CPU.Build.0 = Debug|Any CPU
		{C0FF135E-7596-4E8E-B9E1-0710186A6393}.Release|Any CPU.ActiveCfg = Release|Any CPU
		{C0FF135E-7596-4E8E-B9E1-0710186A6393}.Release|Any CPU.Build.0 = Release|Any CPU
	EndGlobalSection
	GlobalSection(SolutionProperties) = preSolution
		HideSolutionNode = FALSE
	EndGlobalSection
	GlobalSection(ExtensibilityGlobals) = postSolution
		SolutionGuid = {5DEAFCC7-9BC4-4962-A0CE-9A78AEB27E40}
	EndGlobalSection
EndGlobal
